
Microsoft Visual Studio Solution File, Format Version 12.00
# Visual Studio Version 17
VisualStudioVersion = 17.4.33122.133
MinimumVisualStudioVersion = 10.0.40219.1
Project("{FAE04EC0-301F-11D3-BF4B-00C04F79EFBC}") = "LogicCircuits", "LogicCircuits.csproj", "{E8908B71-7E4A-4403-A37C-ACF51D1B2F00}"
EndProject
Global
	GlobalSection(SolutionConfigurationPlatforms) = preSolution
		Debug|Any CPU = Debug|Any CPU
		Release|Any CPU = Release|Any CPU
	EndGlobalSection
	GlobalSection(ProjectConfigurationPlatforms) = postSolution
		{E8908B71-7E4A-4403-A37C-ACF51D1B2F00}.Debug|Any CPU.ActiveCfg = Debug|Any CPU
		{E8908B71-7E4A-4403-A37C-ACF51D1B2F00}.Debug|Any CPU.Build.0 = Debug|Any CPU
		{E8908B71-7E4A-4403-A37C-ACF51D1B2F00}.Release|Any CPU.ActiveCfg = Release|Any CPU
		{E8908B71-7E4A-4403-A37C-ACF51D1B2F00}.Release|Any CPU.Build.0 = Release|Any CPU
	EndGlobalSection
	GlobalSection(SolutionProperties) = preSolution
		HideSolutionNode = FALSE
	EndGlobalSection
	GlobalSection(ExtensibilityGlobals) = postSolution
		SolutionGuid = {478C6E2B-F195-4421-899C-C7A188DEC732}
	EndGlobalSection
EndGlobal
